// !$*UTF8*$!
{
	archiveVersion = 1;
	classes = {
	};
	objectVersion = 48;
	objects = {

/* Begin PBXBuildFile section */
		033AE30221468E81004810BF /* SearchViewController.swift in Sources */ = {isa = PBXBuildFile; fileRef = 033AE30121468E81004810BF /* SearchViewController.swift */; };
		033AE30621468EFA004810BF /* LoginViewController.swift in Sources */ = {isa = PBXBuildFile; fileRef = 033AE30521468EFA004810BF /* LoginViewController.swift */; };
		033AE3082146924B004810BF /* RecipeDetailsViewController.swift in Sources */ = {isa = PBXBuildFile; fileRef = 033AE3072146924B004810BF /* RecipeDetailsViewController.swift */; };
		033AE30C214694FD004810BF /* Category.swift in Sources */ = {isa = PBXBuildFile; fileRef = 033AE30B214694FD004810BF /* Category.swift */; };
		033AE30E2146953B004810BF /* Recipe.swift in Sources */ = {isa = PBXBuildFile; fileRef = 033AE30D2146953B004810BF /* Recipe.swift */; };
		033AE3102146981A004810BF /* SubCategoriesCollectionViewController.swift in Sources */ = {isa = PBXBuildFile; fileRef = 033AE30F2146981A004810BF /* SubCategoriesCollectionViewController.swift */; };
		033AE312214698A6004810BF /* ResultRecipesTableViewController.swift in Sources */ = {isa = PBXBuildFile; fileRef = 033AE311214698A6004810BF /* ResultRecipesTableViewController.swift */; };
		033AE31421469EF0004810BF /* RecipeTableViewCell.swift in Sources */ = {isa = PBXBuildFile; fileRef = 033AE31321469EF0004810BF /* RecipeTableViewCell.swift */; };
		033AE3192147A9E6004810BF /* SubCategoriesCollectionViewCell.swift in Sources */ = {isa = PBXBuildFile; fileRef = 033AE3182147A9E6004810BF /* SubCategoriesCollectionViewCell.swift */; };
		03E5628B2147F2C6001D21FD /* AddRecipeViewController.swift in Sources */ = {isa = PBXBuildFile; fileRef = 03E5628A2147F2C6001D21FD /* AddRecipeViewController.swift */; };
		03E562AC21484FE5001D21FD /* AddCategoryChoiceTableViewController.swift in Sources */ = {isa = PBXBuildFile; fileRef = 03E562AB21484FE5001D21FD /* AddCategoryChoiceTableViewController.swift */; };
		03E562AE214859DE001D21FD /* ChoiceCategoryTableViewCell.swift in Sources */ = {isa = PBXBuildFile; fileRef = 03E562AD214859DE001D21FD /* ChoiceCategoryTableViewCell.swift */; };
		03E562B021486915001D21FD /* OverviewAddTableViewController.swift in Sources */ = {isa = PBXBuildFile; fileRef = 03E562AF21486915001D21FD /* OverviewAddTableViewController.swift */; };
		03F94FE9213FC37700C6AC28 /* CategoriesCollectionViewCell.swift in Sources */ = {isa = PBXBuildFile; fileRef = 03F94FE8213FC37700C6AC28 /* CategoriesCollectionViewCell.swift */; };
		03F94FED21401C4400C6AC28 /* MainViewController.swift in Sources */ = {isa = PBXBuildFile; fileRef = 03F94FEC21401C4400C6AC28 /* MainViewController.swift */; };
		03FD503E21494BEE0073BC85 /* ImageAddViewController.swift in Sources */ = {isa = PBXBuildFile; fileRef = 03FD503D21494BEE0073BC85 /* ImageAddViewController.swift */; };
		03FD5040214A57650073BC85 /* IngredientsAddViewController.swift in Sources */ = {isa = PBXBuildFile; fileRef = 03FD503F214A57650073BC85 /* IngredientsAddViewController.swift */; };
		03FD5042214A57E70073BC85 /* InstructionsAddViewController.swift in Sources */ = {isa = PBXBuildFile; fileRef = 03FD5041214A57E70073BC85 /* InstructionsAddViewController.swift */; };
		03FD5044214C16520073BC85 /* GoogleService-Info.plist in Resources */ = {isa = PBXBuildFile; fileRef = 03FD5043214C16520073BC85 /* GoogleService-Info.plist */; };
		03FD5046214C17180073BC85 /* LoginMainViewController.swift in Sources */ = {isa = PBXBuildFile; fileRef = 03FD5045214C17180073BC85 /* LoginMainViewController.swift */; };
		03FD5048214C173E0073BC85 /* SignUpViewController.swift in Sources */ = {isa = PBXBuildFile; fileRef = 03FD5047214C173E0073BC85 /* SignUpViewController.swift */; };
		401046FCD9E47893B648C453 /* Pods_The_Plant_Eater_Cookbook.framework in Frameworks */ = {isa = PBXBuildFile; fileRef = 88BF2B6BBDE5150069F1FB4D /* Pods_The_Plant_Eater_Cookbook.framework */; };
		D18E7DAD213ECCD200518159 /* AppDelegate.swift in Sources */ = {isa = PBXBuildFile; fileRef = D18E7DAC213ECCD200518159 /* AppDelegate.swift */; };
		D18E7DB2213ECCD200518159 /* Main.storyboard in Resources */ = {isa = PBXBuildFile; fileRef = D18E7DB0213ECCD200518159 /* Main.storyboard */; };
		D18E7DB4213ECCD200518159 /* Assets.xcassets in Resources */ = {isa = PBXBuildFile; fileRef = D18E7DB3213ECCD200518159 /* Assets.xcassets */; };
		D18E7DB7213ECCD200518159 /* LaunchScreen.storyboard in Resources */ = {isa = PBXBuildFile; fileRef = D18E7DB5213ECCD200518159 /* LaunchScreen.storyboard */; };
/* End PBXBuildFile section */

/* Begin PBXFileReference section */
		033AE30121468E81004810BF /* SearchViewController.swift */ = {isa = PBXFileReference; lastKnownFileType = sourcecode.swift; path = SearchViewController.swift; sourceTree = "<group>"; };
		033AE30521468EFA004810BF /* LoginViewController.swift */ = {isa = PBXFileReference; lastKnownFileType = sourcecode.swift; path = LoginViewController.swift; sourceTree = "<group>"; };
		033AE3072146924B004810BF /* RecipeDetailsViewController.swift */ = {isa = PBXFileReference; lastKnownFileType = sourcecode.swift; path = RecipeDetailsViewController.swift; sourceTree = "<group>"; };
		033AE30B214694FD004810BF /* Category.swift */ = {isa = PBXFileReference; lastKnownFileType = sourcecode.swift; path = Category.swift; sourceTree = "<group>"; };
		033AE30D2146953B004810BF /* Recipe.swift */ = {isa = PBXFileReference; lastKnownFileType = sourcecode.swift; path = Recipe.swift; sourceTree = "<group>"; };
		033AE30F2146981A004810BF /* SubCategoriesCollectionViewController.swift */ = {isa = PBXFileReference; lastKnownFileType = sourcecode.swift; path = SubCategoriesCollectionViewController.swift; sourceTree = "<group>"; };
		033AE311214698A6004810BF /* ResultRecipesTableViewController.swift */ = {isa = PBXFileReference; lastKnownFileType = sourcecode.swift; path = ResultRecipesTableViewController.swift; sourceTree = "<group>"; };
		033AE31321469EF0004810BF /* RecipeTableViewCell.swift */ = {isa = PBXFileReference; lastKnownFileType = sourcecode.swift; path = RecipeTableViewCell.swift; sourceTree = "<group>"; };
		033AE3182147A9E6004810BF /* SubCategoriesCollectionViewCell.swift */ = {isa = PBXFileReference; lastKnownFileType = sourcecode.swift; path = SubCategoriesCollectionViewCell.swift; sourceTree = "<group>"; };
		03E5628A2147F2C6001D21FD /* AddRecipeViewController.swift */ = {isa = PBXFileReference; lastKnownFileType = sourcecode.swift; path = AddRecipeViewController.swift; sourceTree = "<group>"; };
		03E562AB21484FE5001D21FD /* AddCategoryChoiceTableViewController.swift */ = {isa = PBXFileReference; lastKnownFileType = sourcecode.swift; path = AddCategoryChoiceTableViewController.swift; sourceTree = "<group>"; };
		03E562AD214859DE001D21FD /* ChoiceCategoryTableViewCell.swift */ = {isa = PBXFileReference; lastKnownFileType = sourcecode.swift; path = ChoiceCategoryTableViewCell.swift; sourceTree = "<group>"; };
		03E562AF21486915001D21FD /* OverviewAddTableViewController.swift */ = {isa = PBXFileReference; lastKnownFileType = sourcecode.swift; path = OverviewAddTableViewController.swift; sourceTree = "<group>"; };
		03F94FE8213FC37700C6AC28 /* CategoriesCollectionViewCell.swift */ = {isa = PBXFileReference; lastKnownFileType = sourcecode.swift; path = CategoriesCollectionViewCell.swift; sourceTree = "<group>"; };
		03F94FEC21401C4400C6AC28 /* MainViewController.swift */ = {isa = PBXFileReference; lastKnownFileType = sourcecode.swift; path = MainViewController.swift; sourceTree = "<group>"; };
		03FD503D21494BEE0073BC85 /* ImageAddViewController.swift */ = {isa = PBXFileReference; lastKnownFileType = sourcecode.swift; path = ImageAddViewController.swift; sourceTree = "<group>"; };
		03FD503F214A57650073BC85 /* IngredientsAddViewController.swift */ = {isa = PBXFileReference; lastKnownFileType = sourcecode.swift; path = IngredientsAddViewController.swift; sourceTree = "<group>"; };
		03FD5041214A57E70073BC85 /* InstructionsAddViewController.swift */ = {isa = PBXFileReference; lastKnownFileType = sourcecode.swift; path = InstructionsAddViewController.swift; sourceTree = "<group>"; };
		03FD5043214C16520073BC85 /* GoogleService-Info.plist */ = {isa = PBXFileReference; fileEncoding = 4; lastKnownFileType = text.plist.xml; name = "GoogleService-Info.plist"; path = "../../../../../../Downloads/GoogleService-Info.plist"; sourceTree = "<group>"; };
		03FD5045214C17180073BC85 /* LoginMainViewController.swift */ = {isa = PBXFileReference; lastKnownFileType = sourcecode.swift; path = LoginMainViewController.swift; sourceTree = "<group>"; };
		03FD5047214C173E0073BC85 /* SignUpViewController.swift */ = {isa = PBXFileReference; lastKnownFileType = sourcecode.swift; path = SignUpViewController.swift; sourceTree = "<group>"; };
		1A6867F4B64DAFC541944FFB /* Pods-The Plant Eater Cookbook.debug.xcconfig */ = {isa = PBXFileReference; includeInIndex = 1; lastKnownFileType = text.xcconfig; name = "Pods-The Plant Eater Cookbook.debug.xcconfig"; path = "Pods/Target Support Files/Pods-The Plant Eater Cookbook/Pods-The Plant Eater Cookbook.debug.xcconfig"; sourceTree = "<group>"; };
		1BEF3E0EAF039357884AE7B7 /* Pods-The Plant Eater Cookbook.release.xcconfig */ = {isa = PBXFileReference; includeInIndex = 1; lastKnownFileType = text.xcconfig; name = "Pods-The Plant Eater Cookbook.release.xcconfig"; path = "Pods/Target Support Files/Pods-The Plant Eater Cookbook/Pods-The Plant Eater Cookbook.release.xcconfig"; sourceTree = "<group>"; };
		88BF2B6BBDE5150069F1FB4D /* Pods_The_Plant_Eater_Cookbook.framework */ = {isa = PBXFileReference; explicitFileType = wrapper.framework; includeInIndex = 0; path = Pods_The_Plant_Eater_Cookbook.framework; sourceTree = BUILT_PRODUCTS_DIR; };
		D18E7DA9213ECCD200518159 /* The Plant Eater Cookbook.app */ = {isa = PBXFileReference; explicitFileType = wrapper.application; includeInIndex = 0; path = "The Plant Eater Cookbook.app"; sourceTree = BUILT_PRODUCTS_DIR; };
		D18E7DAC213ECCD200518159 /* AppDelegate.swift */ = {isa = PBXFileReference; lastKnownFileType = sourcecode.swift; path = AppDelegate.swift; sourceTree = "<group>"; };
		D18E7DB1213ECCD200518159 /* Base */ = {isa = PBXFileReference; lastKnownFileType = file.storyboard; name = Base; path = Base.lproj/Main.storyboard; sourceTree = "<group>"; };
		D18E7DB3213ECCD200518159 /* Assets.xcassets */ = {isa = PBXFileReference; lastKnownFileType = folder.assetcatalog; path = Assets.xcassets; sourceTree = "<group>"; };
		D18E7DB6213ECCD200518159 /* Base */ = {isa = PBXFileReference; lastKnownFileType = file.storyboard; name = Base; path = Base.lproj/LaunchScreen.storyboard; sourceTree = "<group>"; };
		D18E7DB8213ECCD200518159 /* Info.plist */ = {isa = PBXFileReference; lastKnownFileType = text.plist.xml; path = Info.plist; sourceTree = "<group>"; };
/* End PBXFileReference section */

/* Begin PBXFrameworksBuildPhase section */
		D18E7DA6213ECCD200518159 /* Frameworks */ = {
			isa = PBXFrameworksBuildPhase;
			buildActionMask = 2147483647;
			files = (
				401046FCD9E47893B648C453 /* Pods_The_Plant_Eater_Cookbook.framework in Frameworks */,
			);
			runOnlyForDeploymentPostprocessing = 0;
		};
/* End PBXFrameworksBuildPhase section */

/* Begin PBXGroup section */
		033AE2F5214674A9004810BF /* Views */ = {
			isa = PBXGroup;
			children = (
				D18E7DB0213ECCD200518159 /* Main.storyboard */,
				03F94FEC21401C4400C6AC28 /* MainViewController.swift */,
				033AE30121468E81004810BF /* SearchViewController.swift */,
				033AE3072146924B004810BF /* RecipeDetailsViewController.swift */,
				033AE30F2146981A004810BF /* SubCategoriesCollectionViewController.swift */,
				033AE311214698A6004810BF /* ResultRecipesTableViewController.swift */,
				03E5628A2147F2C6001D21FD /* AddRecipeViewController.swift */,
				03E562AF21486915001D21FD /* OverviewAddTableViewController.swift */,
				03E562AB21484FE5001D21FD /* AddCategoryChoiceTableViewController.swift */,
				03FD503F214A57650073BC85 /* IngredientsAddViewController.swift */,
				03FD5041214A57E70073BC85 /* InstructionsAddViewController.swift */,
				03FD503D21494BEE0073BC85 /* ImageAddViewController.swift */,
				03FD5045214C17180073BC85 /* LoginMainViewController.swift */,
				033AE30521468EFA004810BF /* LoginViewController.swift */,
				03FD5047214C173E0073BC85 /* SignUpViewController.swift */,
			);
			path = Views;
			sourceTree = "<group>";
		};
		033AE2F6214674E2004810BF /* Application */ = {
			isa = PBXGroup;
			children = (
				D18E7DAC213ECCD200518159 /* AppDelegate.swift */,
			);
			path = Application;
			sourceTree = "<group>";
		};
		033AE2F72146757D004810BF /* Resources */ = {
			isa = PBXGroup;
			children = (
				D18E7DB3213ECCD200518159 /* Assets.xcassets */,
				D18E7DB5213ECCD200518159 /* LaunchScreen.storyboard */,
			);
			path = Resources;
			sourceTree = "<group>";
		};
		033AE2F82146759D004810BF /* Utils */ = {
			isa = PBXGroup;
			children = (
				033AE30B214694FD004810BF /* Category.swift */,
				033AE30D2146953B004810BF /* Recipe.swift */,
			);
			path = Utils;
			sourceTree = "<group>";
		};
		033AE3152146AE70004810BF /* Cells */ = {
			isa = PBXGroup;
			children = (
				03F94FE8213FC37700C6AC28 /* CategoriesCollectionViewCell.swift */,
				033AE31321469EF0004810BF /* RecipeTableViewCell.swift */,
				033AE3182147A9E6004810BF /* SubCategoriesCollectionViewCell.swift */,
				03E562AD214859DE001D21FD /* ChoiceCategoryTableViewCell.swift */,
			);
			path = Cells;
			sourceTree = "<group>";
		};
		1744665A2A507750DBC35544 /* Pods */ = {
			isa = PBXGroup;
			children = (
				1A6867F4B64DAFC541944FFB /* Pods-The Plant Eater Cookbook.debug.xcconfig */,
				1BEF3E0EAF039357884AE7B7 /* Pods-The Plant Eater Cookbook.release.xcconfig */,
			);
			name = Pods;
			sourceTree = "<group>";
		};
		91CDF375D20EE43818650CD8 /* Frameworks */ = {
			isa = PBXGroup;
			children = (
				88BF2B6BBDE5150069F1FB4D /* Pods_The_Plant_Eater_Cookbook.framework */,
			);
			name = Frameworks;
			sourceTree = "<group>";
		};
		D18E7DA0213ECCD200518159 = {
			isa = PBXGroup;
			children = (
				D18E7DAB213ECCD200518159 /* The Plant Eater Cookbook */,
				D18E7DAA213ECCD200518159 /* Products */,
				1744665A2A507750DBC35544 /* Pods */,
				91CDF375D20EE43818650CD8 /* Frameworks */,
			);
			sourceTree = "<group>";
		};
		D18E7DAA213ECCD200518159 /* Products */ = {
			isa = PBXGroup;
			children = (
				D18E7DA9213ECCD200518159 /* The Plant Eater Cookbook.app */,
			);
			name = Products;
			sourceTree = "<group>";
		};
		D18E7DAB213ECCD200518159 /* The Plant Eater Cookbook */ = {
			isa = PBXGroup;
			children = (
				033AE2F6214674E2004810BF /* Application */,
				033AE2F5214674A9004810BF /* Views */,
				033AE3152146AE70004810BF /* Cells */,
				033AE2F82146759D004810BF /* Utils */,
				033AE2F72146757D004810BF /* Resources */,
				D18E7DB8213ECCD200518159 /* Info.plist */,
				03FD5043214C16520073BC85 /* GoogleService-Info.plist */,
			);
			path = "The Plant Eater Cookbook";
			sourceTree = "<group>";
		};
/* End PBXGroup section */

/* Begin PBXNativeTarget section */
		D18E7DA8213ECCD200518159 /* The Plant Eater Cookbook */ = {
			isa = PBXNativeTarget;
			buildConfigurationList = D18E7DBB213ECCD200518159 /* Build configuration list for PBXNativeTarget "The Plant Eater Cookbook" */;
			buildPhases = (
				C9E8C483DCC4B8670635E080 /* [CP] Check Pods Manifest.lock */,
				D18E7DA5213ECCD200518159 /* Sources */,
				D18E7DA6213ECCD200518159 /* Frameworks */,
				D18E7DA7213ECCD200518159 /* Resources */,
				88B3B607DE9F248FB328F90E /* [CP] Embed Pods Frameworks */,
			);
			buildRules = (
			);
			dependencies = (
			);
			name = "The Plant Eater Cookbook";
			productName = "The Plant Eater Cookbook";
			productReference = D18E7DA9213ECCD200518159 /* The Plant Eater Cookbook.app */;
			productType = "com.apple.product-type.application";
		};
/* End PBXNativeTarget section */

/* Begin PBXProject section */
		D18E7DA1213ECCD200518159 /* Project object */ = {
			isa = PBXProject;
			attributes = {
				LastSwiftUpdateCheck = 0920;
				LastUpgradeCheck = 0920;
				ORGANIZATIONNAME = SandrineH;
				TargetAttributes = {
					D18E7DA8213ECCD200518159 = {
						CreatedOnToolsVersion = 9.2;
						ProvisioningStyle = Automatic;
					};
				};
			};
			buildConfigurationList = D18E7DA4213ECCD200518159 /* Build configuration list for PBXProject "The Plant Eater Cookbook" */;
			compatibilityVersion = "Xcode 8.0";
			developmentRegion = en;
			hasScannedForEncodings = 0;
			knownRegions = (
				en,
				Base,
			);
			mainGroup = D18E7DA0213ECCD200518159;
			productRefGroup = D18E7DAA213ECCD200518159 /* Products */;
			projectDirPath = "";
			projectRoot = "";
			targets = (
				D18E7DA8213ECCD200518159 /* The Plant Eater Cookbook */,
			);
		};
/* End PBXProject section */

/* Begin PBXResourcesBuildPhase section */
		D18E7DA7213ECCD200518159 /* Resources */ = {
			isa = PBXResourcesBuildPhase;
			buildActionMask = 2147483647;
			files = (
				D18E7DB7213ECCD200518159 /* LaunchScreen.storyboard in Resources */,
				03FD5044214C16520073BC85 /* GoogleService-Info.plist in Resources */,
				D18E7DB4213ECCD200518159 /* Assets.xcassets in Resources */,
				D18E7DB2213ECCD200518159 /* Main.storyboard in Resources */,
			);
			runOnlyForDeploymentPostprocessing = 0;
		};
/* End PBXResourcesBuildPhase section */

/* Begin PBXShellScriptBuildPhase section */
		88B3B607DE9F248FB328F90E /* [CP] Embed Pods Frameworks */ = {
			isa = PBXShellScriptBuildPhase;
			buildActionMask = 2147483647;
			files = (
			);
			inputFileListPaths = (
			);
			inputPaths = (
				"${SRCROOT}/Pods/Target Support Files/Pods-The Plant Eater Cookbook/Pods-The Plant Eater Cookbook-frameworks.sh",
				"${BUILT_PRODUCTS_DIR}/GoogleUtilities/GoogleUtilities.framework",
				"${BUILT_PRODUCTS_DIR}/nanopb/nanopb.framework",
			);
			name = "[CP] Embed Pods Frameworks";
			outputFileListPaths = (
			);
			outputPaths = (
				"${TARGET_BUILD_DIR}/${FRAMEWORKS_FOLDER_PATH}/GoogleUtilities.framework",
				"${TARGET_BUILD_DIR}/${FRAMEWORKS_FOLDER_PATH}/nanopb.framework",
			);
			runOnlyForDeploymentPostprocessing = 0;
			shellPath = /bin/sh;
			shellScript = "\"${SRCROOT}/Pods/Target Support Files/Pods-The Plant Eater Cookbook/Pods-The Plant Eater Cookbook-frameworks.sh\"\n";
			showEnvVarsInLog = 0;
		};
		C9E8C483DCC4B8670635E080 /* [CP] Check Pods Manifest.lock */ = {
			isa = PBXShellScriptBuildPhase;
			buildActionMask = 2147483647;
			files = (
			);
			inputFileListPaths = (
			);
			inputPaths = (
				"${PODS_PODFILE_DIR_PATH}/Podfile.lock",
				"${PODS_ROOT}/Manifest.lock",
			);
			name = "[CP] Check Pods Manifest.lock";
			outputFileListPaths = (
			);
			outputPaths = (
				"$(DERIVED_FILE_DIR)/Pods-The Plant Eater Cookbook-checkManifestLockResult.txt",
			);
			runOnlyForDeploymentPostprocessing = 0;
			shellPath = /bin/sh;
			shellScript = "diff \"${PODS_PODFILE_DIR_PATH}/Podfile.lock\" \"${PODS_ROOT}/Manifest.lock\" > /dev/null\nif [ $? != 0 ] ; then\n    # print error to STDERR\n    echo \"error: The sandbox is not in sync with the Podfile.lock. Run 'pod install' or update your CocoaPods installation.\" >&2\n    exit 1\nfi\n# This output is used by Xcode 'outputs' to avoid re-running this script phase.\necho \"SUCCESS\" > \"${SCRIPT_OUTPUT_FILE_0}\"\n";
			showEnvVarsInLog = 0;
		};
/* End PBXShellScriptBuildPhase section */

/* Begin PBXSourcesBuildPhase section */
		D18E7DA5213ECCD200518159 /* Sources */ = {
			isa = PBXSourcesBuildPhase;
			buildActionMask = 2147483647;
			files = (
				03E562AE214859DE001D21FD /* ChoiceCategoryTableViewCell.swift in Sources */,
				033AE312214698A6004810BF /* ResultRecipesTableViewController.swift in Sources */,
				033AE3192147A9E6004810BF /* SubCategoriesCollectionViewCell.swift in Sources */,
				033AE30621468EFA004810BF /* LoginViewController.swift in Sources */,
				033AE30C214694FD004810BF /* Category.swift in Sources */,
				033AE31421469EF0004810BF /* RecipeTableViewCell.swift in Sources */,
				03E562B021486915001D21FD /* OverviewAddTableViewController.swift in Sources */,
				03FD5042214A57E70073BC85 /* InstructionsAddViewController.swift in Sources */,
				033AE30221468E81004810BF /* SearchViewController.swift in Sources */,
				033AE3102146981A004810BF /* SubCategoriesCollectionViewController.swift in Sources */,
				03F94FE9213FC37700C6AC28 /* CategoriesCollectionViewCell.swift in Sources */,
				033AE3082146924B004810BF /* RecipeDetailsViewController.swift in Sources */,
				03FD503E21494BEE0073BC85 /* ImageAddViewController.swift in Sources */,
				03FD5046214C17180073BC85 /* LoginMainViewController.swift in Sources */,
				03FD5048214C173E0073BC85 /* SignUpViewController.swift in Sources */,
				03E5628B2147F2C6001D21FD /* AddRecipeViewController.swift in Sources */,
				D18E7DAD213ECCD200518159 /* AppDelegate.swift in Sources */,
				03E562AC21484FE5001D21FD /* AddCategoryChoiceTableViewController.swift in Sources */,
				03F94FED21401C4400C6AC28 /* MainViewController.swift in Sources */,
				03FD5040214A57650073BC85 /* IngredientsAddViewController.swift in Sources */,
				033AE30E2146953B004810BF /* Recipe.swift in Sources */,
			);
			runOnlyForDeploymentPostprocessing = 0;
		};
/* End PBXSourcesBuildPhase section */

/* Begin PBXVariantGroup section */
		D18E7DB0213ECCD200518159 /* Main.storyboard */ = {
			isa = PBXVariantGroup;
			children = (
				D18E7DB1213ECCD200518159 /* Base */,
			);
			name = Main.storyboard;
			sourceTree = "<group>";
		};
		D18E7DB5213ECCD200518159 /* LaunchScreen.storyboard */ = {
			isa = PBXVariantGroup;
			children = (
				D18E7DB6213ECCD200518159 /* Base */,
			);
			name = LaunchScreen.storyboard;
			sourceTree = "<group>";
		};
/* End PBXVariantGroup section */

/* Begin XCBuildConfiguration section */
		D18E7DB9213ECCD200518159 /* Debug */ = {
			isa = XCBuildConfiguration;
			buildSettings = {
				ALWAYS_SEARCH_USER_PATHS = NO;
				CLANG_ANALYZER_NONNULL = YES;
				CLANG_ANALYZER_NUMBER_OBJECT_CONVERSION = YES_AGGRESSIVE;
				CLANG_CXX_LANGUAGE_STANDARD = "gnu++14";
				CLANG_CXX_LIBRARY = "libc++";
				CLANG_ENABLE_MODULES = YES;
				CLANG_ENABLE_OBJC_ARC = YES;
				CLANG_WARN_BLOCK_CAPTURE_AUTORELEASING = YES;
				CLANG_WARN_BOOL_CONVERSION = YES;
				CLANG_WARN_COMMA = YES;
				CLANG_WARN_CONSTANT_CONVERSION = YES;
				CLANG_WARN_DIRECT_OBJC_ISA_USAGE = YES_ERROR;
				CLANG_WARN_DOCUMENTATION_COMMENTS = YES;
				CLANG_WARN_EMPTY_BODY = YES;
				CLANG_WARN_ENUM_CONVERSION = YES;
				CLANG_WARN_INFINITE_RECURSION = YES;
				CLANG_WARN_INT_CONVERSION = YES;
				CLANG_WARN_NON_LITERAL_NULL_CONVERSION = YES;
				CLANG_WARN_OBJC_LITERAL_CONVERSION = YES;
				CLANG_WARN_OBJC_ROOT_CLASS = YES_ERROR;
				CLANG_WARN_RANGE_LOOP_ANALYSIS = YES;
				CLANG_WARN_STRICT_PROTOTYPES = YES;
				CLANG_WARN_SUSPICIOUS_MOVE = YES;
				CLANG_WARN_UNGUARDED_AVAILABILITY = YES_AGGRESSIVE;
				CLANG_WARN_UNREACHABLE_CODE = YES;
				CLANG_WARN__DUPLICATE_METHOD_MATCH = YES;
				CODE_SIGN_IDENTITY = "iPhone Developer";
				COPY_PHASE_STRIP = NO;
				DEBUG_INFORMATION_FORMAT = dwarf;
				ENABLE_STRICT_OBJC_MSGSEND = YES;
				ENABLE_TESTABILITY = YES;
				GCC_C_LANGUAGE_STANDARD = gnu11;
				GCC_DYNAMIC_NO_PIC = NO;
				GCC_NO_COMMON_BLOCKS = YES;
				GCC_OPTIMIZATION_LEVEL = 0;
				GCC_PREPROCESSOR_DEFINITIONS = (
					"DEBUG=1",
					"$(inherited)",
				);
				GCC_WARN_64_TO_32_BIT_CONVERSION = YES;
				GCC_WARN_ABOUT_RETURN_TYPE = YES_ERROR;
				GCC_WARN_UNDECLARED_SELECTOR = YES;
				GCC_WARN_UNINITIALIZED_AUTOS = YES_AGGRESSIVE;
				GCC_WARN_UNUSED_FUNCTION = YES;
				GCC_WARN_UNUSED_VARIABLE = YES;
				IPHONEOS_DEPLOYMENT_TARGET = 11.2;
				MTL_ENABLE_DEBUG_INFO = YES;
				ONLY_ACTIVE_ARCH = YES;
				SDKROOT = iphoneos;
				SWIFT_ACTIVE_COMPILATION_CONDITIONS = DEBUG;
				SWIFT_OPTIMIZATION_LEVEL = "-Onone";
			};
			name = Debug;
		};
		D18E7DBA213ECCD200518159 /* Release */ = {
			isa = XCBuildConfiguration;
			buildSettings = {
				ALWAYS_SEARCH_USER_PATHS = NO;
				CLANG_ANALYZER_NONNULL = YES;
				CLANG_ANALYZER_NUMBER_OBJECT_CONVERSION = YES_AGGRESSIVE;
				CLANG_CXX_LANGUAGE_STANDARD = "gnu++14";
				CLANG_CXX_LIBRARY = "libc++";
				CLANG_ENABLE_MODULES = YES;
				CLANG_ENABLE_OBJC_ARC = YES;
				CLANG_WARN_BLOCK_CAPTURE_AUTORELEASING = YES;
				CLANG_WARN_BOOL_CONVERSION = YES;
				CLANG_WARN_COMMA = YES;
				CLANG_WARN_CONSTANT_CONVERSION = YES;
				CLANG_WARN_DIRECT_OBJC_ISA_USAGE = YES_ERROR;
				CLANG_WARN_DOCUMENTATION_COMMENTS = YES;
				CLANG_WARN_EMPTY_BODY = YES;
				CLANG_WARN_ENUM_CONVERSION = YES;
				CLANG_WARN_INFINITE_RECURSION = YES;
				CLANG_WARN_INT_CONVERSION = YES;
				CLANG_WARN_NON_LITERAL_NULL_CONVERSION = YES;
				CLANG_WARN_OBJC_LITERAL_CONVERSION = YES;
				CLANG_WARN_OBJC_ROOT_CLASS = YES_ERROR;
				CLANG_WARN_RANGE_LOOP_ANALYSIS = YES;
				CLANG_WARN_STRICT_PROTOTYPES = YES;
				CLANG_WARN_SUSPICIOUS_MOVE = YES;
				CLANG_WARN_UNGUARDED_AVAILABILITY = YES_AGGRESSIVE;
				CLANG_WARN_UNREACHABLE_CODE = YES;
				CLANG_WARN__DUPLICATE_METHOD_MATCH = YES;
				CODE_SIGN_IDENTITY = "iPhone Developer";
				COPY_PHASE_STRIP = NO;
				DEBUG_INFORMATION_FORMAT = "dwarf-with-dsym";
				ENABLE_NS_ASSERTIONS = NO;
				ENABLE_STRICT_OBJC_MSGSEND = YES;
				GCC_C_LANGUAGE_STANDARD = gnu11;
				GCC_NO_COMMON_BLOCKS = YES;
				GCC_WARN_64_TO_32_BIT_CONVERSION = YES;
				GCC_WARN_ABOUT_RETURN_TYPE = YES_ERROR;
				GCC_WARN_UNDECLARED_SELECTOR = YES;
				GCC_WARN_UNINITIALIZED_AUTOS = YES_AGGRESSIVE;
				GCC_WARN_UNUSED_FUNCTION = YES;
				GCC_WARN_UNUSED_VARIABLE = YES;
				IPHONEOS_DEPLOYMENT_TARGET = 11.2;
				MTL_ENABLE_DEBUG_INFO = NO;
				SDKROOT = iphoneos;
				SWIFT_OPTIMIZATION_LEVEL = "-Owholemodule";
				VALIDATE_PRODUCT = YES;
			};
			name = Release;
		};
		D18E7DBC213ECCD200518159 /* Debug */ = {
			isa = XCBuildConfiguration;
			baseConfigurationReference = 1A6867F4B64DAFC541944FFB /* Pods-The Plant Eater Cookbook.debug.xcconfig */;
			buildSettings = {
				ASSETCATALOG_COMPILER_APPICON_NAME = AppIcon;
				CODE_SIGN_STYLE = Automatic;
				DEVELOPMENT_TEAM = VBB722V7P5;
				INFOPLIST_FILE = "The Plant Eater Cookbook/Info.plist";
				LD_RUNPATH_SEARCH_PATHS = "$(inherited) @executable_path/Frameworks";
				PRODUCT_BUNDLE_IDENTIFIER = "com.diplo.The-Plant-Eater-Cookbook";
				PRODUCT_NAME = "$(TARGET_NAME)";
				SWIFT_VERSION = 4.0;
				TARGETED_DEVICE_FAMILY = "1,2";
			};
			name = Debug;
		};
		D18E7DBD213ECCD200518159 /* Release */ = {
			isa = XCBuildConfiguration;
			baseConfigurationReference = 1BEF3E0EAF039357884AE7B7 /* Pods-The Plant Eater Cookbook.release.xcconfig */;
			buildSettings = {
				ASSETCATALOG_COMPILER_APPICON_NAME = AppIcon;
				CODE_SIGN_STYLE = Automatic;
				DEVELOPMENT_TEAM = VBB722V7P5;
				INFOPLIST_FILE = "The Plant Eater Cookbook/Info.plist";
				LD_RUNPATH_SEARCH_PATHS = "$(inherited) @executable_path/Frameworks";
				PRODUCT_BUNDLE_IDENTIFIER = "com.diplo.The-Plant-Eater-Cookbook";
				PRODUCT_NAME = "$(TARGET_NAME)";
				SWIFT_VERSION = 4.0;
				TARGETED_DEVICE_FAMILY = "1,2";
			};
			name = Release;
		};
/* End XCBuildConfiguration section */

/* Begin XCConfigurationList section */
		D18E7DA4213ECCD200518159 /* Build configuration list for PBXProject "The Plant Eater Cookbook" */ = {
			isa = XCConfigurationList;
			buildConfigurations = (
				D18E7DB9213ECCD200518159 /* Debug */,
				D18E7DBA213ECCD200518159 /* Release */,
			);
			defaultConfigurationIsVisible = 0;
			defaultConfigurationName = Release;
		};
		D18E7DBB213ECCD200518159 /* Build configuration list for PBXNativeTarget "The Plant Eater Cookbook" */ = {
			isa = XCConfigurationList;
			buildConfigurations = (
				D18E7DBC213ECCD200518159 /* Debug */,
				D18E7DBD213ECCD200518159 /* Release */,
			);
			defaultConfigurationIsVisible = 0;
			defaultConfigurationName = Release;
		};
/* End XCConfigurationList section */
	};
	rootObject = D18E7DA1213ECCD200518159 /* Project object */;
}
