// !$*UTF8*$!
{
	archiveVersion = 1;
	classes = {
	};
	objectVersion = 48;
	objects = {

/* Begin PBXBuildFile section */
		033AE2F421467429004810BF /* LoginViewController.swift in Sources */ = {isa = PBXBuildFile; fileRef = 033AE2F321467429004810BF /* LoginViewController.swift */; };
		033AE2FA2146765A004810BF /* DetailsViewController.swift in Sources */ = {isa = PBXBuildFile; fileRef = 033AE2F92146765A004810BF /* DetailsViewController.swift */; };
		033AE2FE214676EC004810BF /* AddTableViewController.swift in Sources */ = {isa = PBXBuildFile; fileRef = 033AE2FD214676EC004810BF /* AddTableViewController.swift */; };
		033AE30021467928004810BF /* SearchViewController.swift in Sources */ = {isa = PBXBuildFile; fileRef = 033AE2FF21467928004810BF /* SearchViewController.swift */; };
		03F94FE9213FC37700C6AC28 /* CategoriesCollectionViewCell.swift in Sources */ = {isa = PBXBuildFile; fileRef = 03F94FE8213FC37700C6AC28 /* CategoriesCollectionViewCell.swift */; };
		03F94FED21401C4400C6AC28 /* MainViewController.swift in Sources */ = {isa = PBXBuildFile; fileRef = 03F94FEC21401C4400C6AC28 /* MainViewController.swift */; };
		D18E7DAD213ECCD200518159 /* AppDelegate.swift in Sources */ = {isa = PBXBuildFile; fileRef = D18E7DAC213ECCD200518159 /* AppDelegate.swift */; };
		D18E7DB2213ECCD200518159 /* Main.storyboard in Resources */ = {isa = PBXBuildFile; fileRef = D18E7DB0213ECCD200518159 /* Main.storyboard */; };
		D18E7DB4213ECCD200518159 /* Assets.xcassets in Resources */ = {isa = PBXBuildFile; fileRef = D18E7DB3213ECCD200518159 /* Assets.xcassets */; };
		D18E7DB7213ECCD200518159 /* LaunchScreen.storyboard in Resources */ = {isa = PBXBuildFile; fileRef = D18E7DB5213ECCD200518159 /* LaunchScreen.storyboard */; };
/* End PBXBuildFile section */

/* Begin PBXFileReference section */
		033AE2F321467429004810BF /* LoginViewController.swift */ = {isa = PBXFileReference; lastKnownFileType = sourcecode.swift; path = LoginViewController.swift; sourceTree = "<group>"; };
		033AE2F92146765A004810BF /* DetailsViewController.swift */ = {isa = PBXFileReference; lastKnownFileType = sourcecode.swift; path = DetailsViewController.swift; sourceTree = "<group>"; };
		033AE2FD214676EC004810BF /* AddTableViewController.swift */ = {isa = PBXFileReference; lastKnownFileType = sourcecode.swift; path = AddTableViewController.swift; sourceTree = "<group>"; };
		033AE2FF21467928004810BF /* SearchViewController.swift */ = {isa = PBXFileReference; lastKnownFileType = sourcecode.swift; path = SearchViewController.swift; sourceTree = "<group>"; };
		03F94FE8213FC37700C6AC28 /* CategoriesCollectionViewCell.swift */ = {isa = PBXFileReference; lastKnownFileType = sourcecode.swift; path = CategoriesCollectionViewCell.swift; sourceTree = "<group>"; };
		03F94FEC21401C4400C6AC28 /* MainViewController.swift */ = {isa = PBXFileReference; lastKnownFileType = sourcecode.swift; path = MainViewController.swift; sourceTree = "<group>"; };
		D18E7DA9213ECCD200518159 /* The Plant Eater Cookbook.app */ = {isa = PBXFileReference; explicitFileType = wrapper.application; includeInIndex = 0; path = "The Plant Eater Cookbook.app"; sourceTree = BUILT_PRODUCTS_DIR; };
		D18E7DAC213ECCD200518159 /* AppDelegate.swift */ = {isa = PBXFileReference; lastKnownFileType = sourcecode.swift; path = AppDelegate.swift; sourceTree = "<group>"; };
		D18E7DB1213ECCD200518159 /* Base */ = {isa = PBXFileReference; lastKnownFileType = file.storyboard; name = Base; path = Base.lproj/Main.storyboard; sourceTree = "<group>"; };
		D18E7DB3213ECCD200518159 /* Assets.xcassets */ = {isa = PBXFileReference; lastKnownFileType = folder.assetcatalog; path = Assets.xcassets; sourceTree = "<group>"; };
		D18E7DB6213ECCD200518159 /* Base */ = {isa = PBXFileReference; lastKnownFileType = file.storyboard; name = Base; path = Base.lproj/LaunchScreen.storyboard; sourceTree = "<group>"; };
		D18E7DB8213ECCD200518159 /* Info.plist */ = {isa = PBXFileReference; lastKnownFileType = text.plist.xml; path = Info.plist; sourceTree = "<group>"; };
/* End PBXFileReference section */

/* Begin PBXFrameworksBuildPhase section */
		D18E7DA6213ECCD200518159 /* Frameworks */ = {
			isa = PBXFrameworksBuildPhase;
			buildActionMask = 2147483647;
			files = (
			);
			runOnlyForDeploymentPostprocessing = 0;
		};
/* End PBXFrameworksBuildPhase section */

/* Begin PBXGroup section */
		033AE2F5214674A9004810BF /* UI */ = {
			isa = PBXGroup;
			children = (
				D18E7DB0213ECCD200518159 /* Main.storyboard */,
				033AE2F321467429004810BF /* LoginViewController.swift */,
				03F94FEC21401C4400C6AC28 /* MainViewController.swift */,
				033AE2F92146765A004810BF /* DetailsViewController.swift */,
				033AE2FD214676EC004810BF /* AddTableViewController.swift */,
				033AE2FF21467928004810BF /* SearchViewController.swift */,
			);
			path = UI;
			sourceTree = "<group>";
		};
		033AE2F6214674E2004810BF /* Application */ = {
			isa = PBXGroup;
			children = (
				D18E7DAC213ECCD200518159 /* AppDelegate.swift */,
			);
			path = Application;
			sourceTree = "<group>";
		};
		033AE2F72146757D004810BF /* Resources */ = {
			isa = PBXGroup;
			children = (
				D18E7DB3213ECCD200518159 /* Assets.xcassets */,
				D18E7DB5213ECCD200518159 /* LaunchScreen.storyboard */,
			);
			path = Resources;
			sourceTree = "<group>";
		};
		033AE2F82146759D004810BF /* Utils */ = {
			isa = PBXGroup;
			children = (
				03F94FE8213FC37700C6AC28 /* CategoriesCollectionViewCell.swift */,
			);
			path = Utils;
			sourceTree = "<group>";
		};
		D18E7DA0213ECCD200518159 = {
			isa = PBXGroup;
			children = (
				D18E7DAB213ECCD200518159 /* The Plant Eater Cookbook */,
				D18E7DAA213ECCD200518159 /* Products */,
			);
			sourceTree = "<group>";
		};
		D18E7DAA213ECCD200518159 /* Products */ = {
			isa = PBXGroup;
			children = (
				D18E7DA9213ECCD200518159 /* The Plant Eater Cookbook.app */,
			);
			name = Products;
			sourceTree = "<group>";
		};
		D18E7DAB213ECCD200518159 /* The Plant Eater Cookbook */ = {
			isa = PBXGroup;
			children = (
				033AE2F6214674E2004810BF /* Application */,
				033AE2F5214674A9004810BF /* UI */,
				033AE2F82146759D004810BF /* Utils */,
				033AE2F72146757D004810BF /* Resources */,
				D18E7DB8213ECCD200518159 /* Info.plist */,
			);
			path = "The Plant Eater Cookbook";
			sourceTree = "<group>";
		};
/* End PBXGroup section */

/* Begin PBXNativeTarget section */
		D18E7DA8213ECCD200518159 /* The Plant Eater Cookbook */ = {
			isa = PBXNativeTarget;
			buildConfigurationList = D18E7DBB213ECCD200518159 /* Build configuration list for PBXNativeTarget "The Plant Eater Cookbook" */;
			buildPhases = (
				D18E7DA5213ECCD200518159 /* Sources */,
				D18E7DA6213ECCD200518159 /* Frameworks */,
				D18E7DA7213ECCD200518159 /* Resources */,
			);
			buildRules = (
			);
			dependencies = (
			);
			name = "The Plant Eater Cookbook";
			productName = "The Plant Eater Cookbook";
			productReference = D18E7DA9213ECCD200518159 /* The Plant Eater Cookbook.app */;
			productType = "com.apple.product-type.application";
		};
/* End PBXNativeTarget section */

/* Begin PBXProject section */
		D18E7DA1213ECCD200518159 /* Project object */ = {
			isa = PBXProject;
			attributes = {
				LastSwiftUpdateCheck = 0920;
				LastUpgradeCheck = 0920;
				ORGANIZATIONNAME = SandrineH;
				TargetAttributes = {
					D18E7DA8213ECCD200518159 = {
						CreatedOnToolsVersion = 9.2;
						ProvisioningStyle = Automatic;
					};
				};
			};
			buildConfigurationList = D18E7DA4213ECCD200518159 /* Build configuration list for PBXProject "The Plant Eater Cookbook" */;
			compatibilityVersion = "Xcode 8.0";
			developmentRegion = en;
			hasScannedForEncodings = 0;
			knownRegions = (
				en,
				Base,
			);
			mainGroup = D18E7DA0213ECCD200518159;
			productRefGroup = D18E7DAA213ECCD200518159 /* Products */;
			projectDirPath = "";
			projectRoot = "";
			targets = (
				D18E7DA8213ECCD200518159 /* The Plant Eater Cookbook */,
			);
		};
/* End PBXProject section */

/* Begin PBXResourcesBuildPhase section */
		D18E7DA7213ECCD200518159 /* Resources */ = {
			isa = PBXResourcesBuildPhase;
			buildActionMask = 2147483647;
			files = (
				D18E7DB7213ECCD200518159 /* LaunchScreen.storyboard in Resources */,
				D18E7DB4213ECCD200518159 /* Assets.xcassets in Resources */,
				D18E7DB2213ECCD200518159 /* Main.storyboard in Resources */,
			);
			runOnlyForDeploymentPostprocessing = 0;
		};
/* End PBXResourcesBuildPhase section */

/* Begin PBXSourcesBuildPhase section */
		D18E7DA5213ECCD200518159 /* Sources */ = {
			isa = PBXSourcesBuildPhase;
			buildActionMask = 2147483647;
			files = (
				03F94FE9213FC37700C6AC28 /* CategoriesCollectionViewCell.swift in Sources */,
				033AE30021467928004810BF /* SearchViewController.swift in Sources */,
				033AE2FE214676EC004810BF /* AddTableViewController.swift in Sources */,
				D18E7DAD213ECCD200518159 /* AppDelegate.swift in Sources */,
				033AE2F421467429004810BF /* LoginViewController.swift in Sources */,
				03F94FED21401C4400C6AC28 /* MainViewController.swift in Sources */,
				033AE2FA2146765A004810BF /* DetailsViewController.swift in Sources */,
			);
			runOnlyForDeploymentPostprocessing = 0;
		};
/* End PBXSourcesBuildPhase section */

/* Begin PBXVariantGroup section */
		D18E7DB0213ECCD200518159 /* Main.storyboard */ = {
			isa = PBXVariantGroup;
			children = (
				D18E7DB1213ECCD200518159 /* Base */,
			);
			name = Main.storyboard;
			sourceTree = "<group>";
		};
		D18E7DB5213ECCD200518159 /* LaunchScreen.storyboard */ = {
			isa = PBXVariantGroup;
			children = (
				D18E7DB6213ECCD200518159 /* Base */,
			);
			name = LaunchScreen.storyboard;
			sourceTree = "<group>";
		};
/* End PBXVariantGroup section */

/* Begin XCBuildConfiguration section */
		D18E7DB9213ECCD200518159 /* Debug */ = {
			isa = XCBuildConfiguration;
			buildSettings = {
				ALWAYS_SEARCH_USER_PATHS = NO;
				CLANG_ANALYZER_NONNULL = YES;
				CLANG_ANALYZER_NUMBER_OBJECT_CONVERSION = YES_AGGRESSIVE;
				CLANG_CXX_LANGUAGE_STANDARD = "gnu++14";
				CLANG_CXX_LIBRARY = "libc++";
				CLANG_ENABLE_MODULES = YES;
				CLANG_ENABLE_OBJC_ARC = YES;
				CLANG_WARN_BLOCK_CAPTURE_AUTORELEASING = YES;
				CLANG_WARN_BOOL_CONVERSION = YES;
				CLANG_WARN_COMMA = YES;
				CLANG_WARN_CONSTANT_CONVERSION = YES;
				CLANG_WARN_DIRECT_OBJC_ISA_USAGE = YES_ERROR;
				CLANG_WARN_DOCUMENTATION_COMMENTS = YES;
				CLANG_WARN_EMPTY_BODY = YES;
				CLANG_WARN_ENUM_CONVERSION = YES;
				CLANG_WARN_INFINITE_RECURSION = YES;
				CLANG_WARN_INT_CONVERSION = YES;
				CLANG_WARN_NON_LITERAL_NULL_CONVERSION = YES;
				CLANG_WARN_OBJC_LITERAL_CONVERSION = YES;
				CLANG_WARN_OBJC_ROOT_CLASS = YES_ERROR;
				CLANG_WARN_RANGE_LOOP_ANALYSIS = YES;
				CLANG_WARN_STRICT_PROTOTYPES = YES;
				CLANG_WARN_SUSPICIOUS_MOVE = YES;
				CLANG_WARN_UNGUARDED_AVAILABILITY = YES_AGGRESSIVE;
				CLANG_WARN_UNREACHABLE_CODE = YES;
				CLANG_WARN__DUPLICATE_METHOD_MATCH = YES;
				CODE_SIGN_IDENTITY = "iPhone Developer";
				COPY_PHASE_STRIP = NO;
				DEBUG_INFORMATION_FORMAT = dwarf;
				ENABLE_STRICT_OBJC_MSGSEND = YES;
				ENABLE_TESTABILITY = YES;
				GCC_C_LANGUAGE_STANDARD = gnu11;
				GCC_DYNAMIC_NO_PIC = NO;
				GCC_NO_COMMON_BLOCKS = YES;
				GCC_OPTIMIZATION_LEVEL = 0;
				GCC_PREPROCESSOR_DEFINITIONS = (
					"DEBUG=1",
					"$(inherited)",
				);
				GCC_WARN_64_TO_32_BIT_CONVERSION = YES;
				GCC_WARN_ABOUT_RETURN_TYPE = YES_ERROR;
				GCC_WARN_UNDECLARED_SELECTOR = YES;
				GCC_WARN_UNINITIALIZED_AUTOS = YES_AGGRESSIVE;
				GCC_WARN_UNUSED_FUNCTION = YES;
				GCC_WARN_UNUSED_VARIABLE = YES;
				IPHONEOS_DEPLOYMENT_TARGET = 11.2;
				MTL_ENABLE_DEBUG_INFO = YES;
				ONLY_ACTIVE_ARCH = YES;
				SDKROOT = iphoneos;
				SWIFT_ACTIVE_COMPILATION_CONDITIONS = DEBUG;
				SWIFT_OPTIMIZATION_LEVEL = "-Onone";
			};
			name = Debug;
		};
		D18E7DBA213ECCD200518159 /* Release */ = {
			isa = XCBuildConfiguration;
			buildSettings = {
				ALWAYS_SEARCH_USER_PATHS = NO;
				CLANG_ANALYZER_NONNULL = YES;
				CLANG_ANALYZER_NUMBER_OBJECT_CONVERSION = YES_AGGRESSIVE;
				CLANG_CXX_LANGUAGE_STANDARD = "gnu++14";
				CLANG_CXX_LIBRARY = "libc++";
				CLANG_ENABLE_MODULES = YES;
				CLANG_ENABLE_OBJC_ARC = YES;
				CLANG_WARN_BLOCK_CAPTURE_AUTORELEASING = YES;
				CLANG_WARN_BOOL_CONVERSION = YES;
				CLANG_WARN_COMMA = YES;
				CLANG_WARN_CONSTANT_CONVERSION = YES;
				CLANG_WARN_DIRECT_OBJC_ISA_USAGE = YES_ERROR;
				CLANG_WARN_DOCUMENTATION_COMMENTS = YES;
				CLANG_WARN_EMPTY_BODY = YES;
				CLANG_WARN_ENUM_CONVERSION = YES;
				CLANG_WARN_INFINITE_RECURSION = YES;
				CLANG_WARN_INT_CONVERSION = YES;
				CLANG_WARN_NON_LITERAL_NULL_CONVERSION = YES;
				CLANG_WARN_OBJC_LITERAL_CONVERSION = YES;
				CLANG_WARN_OBJC_ROOT_CLASS = YES_ERROR;
				CLANG_WARN_RANGE_LOOP_ANALYSIS = YES;
				CLANG_WARN_STRICT_PROTOTYPES = YES;
				CLANG_WARN_SUSPICIOUS_MOVE = YES;
				CLANG_WARN_UNGUARDED_AVAILABILITY = YES_AGGRESSIVE;
				CLANG_WARN_UNREACHABLE_CODE = YES;
				CLANG_WARN__DUPLICATE_METHOD_MATCH = YES;
				CODE_SIGN_IDENTITY = "iPhone Developer";
				COPY_PHASE_STRIP = NO;
				DEBUG_INFORMATION_FORMAT = "dwarf-with-dsym";
				ENABLE_NS_ASSERTIONS = NO;
				ENABLE_STRICT_OBJC_MSGSEND = YES;
				GCC_C_LANGUAGE_STANDARD = gnu11;
				GCC_NO_COMMON_BLOCKS = YES;
				GCC_WARN_64_TO_32_BIT_CONVERSION = YES;
				GCC_WARN_ABOUT_RETURN_TYPE = YES_ERROR;
				GCC_WARN_UNDECLARED_SELECTOR = YES;
				GCC_WARN_UNINITIALIZED_AUTOS = YES_AGGRESSIVE;
				GCC_WARN_UNUSED_FUNCTION = YES;
				GCC_WARN_UNUSED_VARIABLE = YES;
				IPHONEOS_DEPLOYMENT_TARGET = 11.2;
				MTL_ENABLE_DEBUG_INFO = NO;
				SDKROOT = iphoneos;
				SWIFT_OPTIMIZATION_LEVEL = "-Owholemodule";
				VALIDATE_PRODUCT = YES;
			};
			name = Release;
		};
		D18E7DBC213ECCD200518159 /* Debug */ = {
			isa = XCBuildConfiguration;
			buildSettings = {
				ASSETCATALOG_COMPILER_APPICON_NAME = AppIcon;
				CODE_SIGN_STYLE = Automatic;
				DEVELOPMENT_TEAM = VBB722V7P5;
				INFOPLIST_FILE = "The Plant Eater Cookbook/Info.plist";
				LD_RUNPATH_SEARCH_PATHS = "$(inherited) @executable_path/Frameworks";
				PRODUCT_BUNDLE_IDENTIFIER = "test.The-Plant-Eater-Cookbook";
				PRODUCT_NAME = "$(TARGET_NAME)";
				SWIFT_VERSION = 4.0;
				TARGETED_DEVICE_FAMILY = "1,2";
			};
			name = Debug;
		};
		D18E7DBD213ECCD200518159 /* Release */ = {
			isa = XCBuildConfiguration;
			buildSettings = {
				ASSETCATALOG_COMPILER_APPICON_NAME = AppIcon;
				CODE_SIGN_STYLE = Automatic;
				DEVELOPMENT_TEAM = VBB722V7P5;
				INFOPLIST_FILE = "The Plant Eater Cookbook/Info.plist";
				LD_RUNPATH_SEARCH_PATHS = "$(inherited) @executable_path/Frameworks";
				PRODUCT_BUNDLE_IDENTIFIER = "test.The-Plant-Eater-Cookbook";
				PRODUCT_NAME = "$(TARGET_NAME)";
				SWIFT_VERSION = 4.0;
				TARGETED_DEVICE_FAMILY = "1,2";
			};
			name = Release;
		};
/* End XCBuildConfiguration section */

/* Begin XCConfigurationList section */
		D18E7DA4213ECCD200518159 /* Build configuration list for PBXProject "The Plant Eater Cookbook" */ = {
			isa = XCConfigurationList;
			buildConfigurations = (
				D18E7DB9213ECCD200518159 /* Debug */,
				D18E7DBA213ECCD200518159 /* Release */,
			);
			defaultConfigurationIsVisible = 0;
			defaultConfigurationName = Release;
		};
		D18E7DBB213ECCD200518159 /* Build configuration list for PBXNativeTarget "The Plant Eater Cookbook" */ = {
			isa = XCConfigurationList;
			buildConfigurations = (
				D18E7DBC213ECCD200518159 /* Debug */,
				D18E7DBD213ECCD200518159 /* Release */,
			);
			defaultConfigurationIsVisible = 0;
			defaultConfigurationName = Release;
		};
/* End XCConfigurationList section */
	};
	rootObject = D18E7DA1213ECCD200518159 /* Project object */;
}
